
Microsoft Visual Studio Solution File, Format Version 12.00
Project("{FAE04EC0-301F-11D3-BF4B-00C04F79EFBC}") = "Task 1", "Task 1\Task 1.csproj", "{9DCCCD90-82DA-43AD-816E-BA143C695300}"
EndProject
Project("{FAE04EC0-301F-11D3-BF4B-00C04F79EFBC}") = "Task 2", "Task 2\Task 2.csproj", "{C4AD52CC-D76E-4148-962E-BB2460D1501C}"
EndProject
Project("{FAE04EC0-301F-11D3-BF4B-00C04F79EFBC}") = "Task 3", "Task 3\Task 3.csproj", "{C109A06A-B5C9-4EFE-BA17-6DC535307CD8}"
EndProject
Global
	GlobalSection(SolutionConfigurationPlatforms) = preSolution
		Debug|Any CPU = Debug|Any CPU
		Release|Any CPU = Release|Any CPU
	EndGlobalSection
	GlobalSection(ProjectConfigurationPlatforms) = postSolution
		{9DCCCD90-82DA-43AD-816E-BA143C695300}.Debug|Any CPU.ActiveCfg = Debug|Any CPU
		{9DCCCD90-82DA-43AD-816E-BA143C695300}.Debug|Any CPU.Build.0 = Debug|Any CPU
		{9DCCCD90-82DA-43AD-816E-BA143C695300}.Release|Any CPU.ActiveCfg = Release|Any CPU
		{9DCCCD90-82DA-43AD-816E-BA143C695300}.Release|Any CPU.Build.0 = Release|Any CPU
		{C4AD52CC-D76E-4148-962E-BB2460D1501C}.Debug|Any CPU.ActiveCfg = Debug|Any CPU
		{C4AD52CC-D76E-4148-962E-BB2460D1501C}.Debug|Any CPU.Build.0 = Debug|Any CPU
		{C4AD52CC-D76E-4148-962E-BB2460D1501C}.Release|Any CPU.ActiveCfg = Release|Any CPU
		{C4AD52CC-D76E-4148-962E-BB2460D1501C}.Release|Any CPU.Build.0 = Release|Any CPU
		{C109A06A-B5C9-4EFE-BA17-6DC535307CD8}.Debug|Any CPU.ActiveCfg = Debug|Any CPU
		{C109A06A-B5C9-4EFE-BA17-6DC535307CD8}.Debug|Any CPU.Build.0 = Debug|Any CPU
		{C109A06A-B5C9-4EFE-BA17-6DC535307CD8}.Release|Any CPU.ActiveCfg = Release|Any CPU
		{C109A06A-B5C9-4EFE-BA17-6DC535307CD8}.Release|Any CPU.Build.0 = Release|Any CPU
	EndGlobalSection
EndGlobal
